
Microsoft Visual Studio Solution File, Format Version 12.00
# Visual Studio Version 17
VisualStudioVersion = 17.14.36414.22
MinimumVisualStudioVersion = 10.0.40219.1
Project("{FAE04EC0-301F-11D3-BF4B-00C04F79EFBC}") = "Consultorio.API", "Consultorio.API.csproj", "{B2E0A74D-8BB4-42FA-86C7-E898AAE12DD1}"
EndProject
Global
	GlobalSection(SolutionConfigurationPlatforms) = preSolution
		Debug|Any CPU = Debug|Any CPU
		Release|Any CPU = Release|Any CPU
	EndGlobalSection
	GlobalSection(ProjectConfigurationPlatforms) = postSolution
		{B2E0A74D-8BB4-42FA-86C7-E898AAE12DD1}.Debug|Any CPU.ActiveCfg = Debug|Any CPU
		{B2E0A74D-8BB4-42FA-86C7-E898AAE12DD1}.Debug|Any CPU.Build.0 = Debug|Any CPU
		{B2E0A74D-8BB4-42FA-86C7-E898AAE12DD1}.Release|Any CPU.ActiveCfg = Release|Any CPU
		{B2E0A74D-8BB4-42FA-86C7-E898AAE12DD1}.Release|Any CPU.Build.0 = Release|Any CPU
	EndGlobalSection
	GlobalSection(SolutionProperties) = preSolution
		HideSolutionNode = FALSE
	EndGlobalSection
	GlobalSection(ExtensibilityGlobals) = postSolution
		SolutionGuid = {4B0DAE44-0CD5-4192-A57D-2B718DCA4691}
	EndGlobalSection
EndGlobal
